// !$*UTF8*$!
{
	archiveVersion = 1;
	classes = {
	};
	objectVersion = 46;
	objects = {

/* Begin PBXBuildFile section */
		9B0EBC3D06BC64BC00000000 /* Version.swift in Sources */ = {isa = PBXBuildFile; fileRef = 957732B806BC64BC00000000 /* Version.swift */; };
		9B0EBC3D2EFC70A800000000 /* TLConsoleLogEngine.swift in Sources */ = {isa = PBXBuildFile; fileRef = 957732B82EFC70A800000000 /* TLConsoleLogEngine.swift */; };
		9B0EBC3D3AB6248300000000 /* AuthChangeEvent.swift in Sources */ = {isa = PBXBuildFile; fileRef = 957732B83AB6248300000000 /* AuthChangeEvent.swift */; };
		9B0EBC3D42A559F300000000 /* SessionManager.swift in Sources */ = {isa = PBXBuildFile; fileRef = 957732B842A559F300000000 /* SessionManager.swift */; };
		9B0EBC3D4F3E2B6B00000000 /* TLLogging.swift in Sources */ = {isa = PBXBuildFile; fileRef = 957732B84F3E2B6B00000000 /* TLLogging.swift */; };
		9B0EBC3D5676329D00000000 /* Extensions.swift in Sources */ = {isa = PBXBuildFile; fileRef = 957732B85676329D00000000 /* Extensions.swift */; };
		9B0EBC3D714E505C00000000 /* TLLoggingUtil.swift in Sources */ = {isa = PBXBuildFile; fileRef = 957732B8714E505C00000000 /* TLLoggingUtil.swift */; };
		9B0EBC3D781E2E7100000000 /* AppDelegate.swift in Sources */ = {isa = PBXBuildFile; fileRef = 957732B8781E2E7100000000 /* AppDelegate.swift */; };
		9B0EBC3D7DB9E27600000000 /* GoTrueClient.swift in Sources */ = {isa = PBXBuildFile; fileRef = 957732B87DB9E27600000000 /* GoTrueClient.swift */; };
		9B0EBC3D869F8A9300000000 /* Paths.swift in Sources */ = {isa = PBXBuildFile; fileRef = 957732B8869F8A9300000000 /* Paths.swift */; };
		9B0EBC3D91949AC000000000 /* Entities.swift in Sources */ = {isa = PBXBuildFile; fileRef = 957732B891949AC000000000 /* Entities.swift */; };
		9B0EBC3D94B94A9500000000 /* GoTrueError.swift in Sources */ = {isa = PBXBuildFile; fileRef = 957732B894B94A9500000000 /* GoTrueError.swift */; };
		9B0EBC3D980BD37600000000 /* Constants.swift in Sources */ = {isa = PBXBuildFile; fileRef = 957732B8980BD37600000000 /* Constants.swift */; };
		9B0EBC3DB2BC504400000000 /* ViewController.swift in Sources */ = {isa = PBXBuildFile; fileRef = 957732B8B2BC504400000000 /* ViewController.swift */; };
		9B0EBC3DC00DD53A00000000 /* TLLoggingUtil.m in Sources */ = {isa = PBXBuildFile; fileRef = 957732B8C00DD53A00000000 /* TLLoggingUtil.m */; };
		9B0EBC3DD1C6388600000000 /* Helpers.swift in Sources */ = {isa = PBXBuildFile; fileRef = 957732B8D1C6388600000000 /* Helpers.swift */; };
		9B0EBC3DFE87BB3B00000000 /* Environment.swift in Sources */ = {isa = PBXBuildFile; fileRef = 957732B8FE87BB3B00000000 /* Environment.swift */; };
/* End PBXBuildFile section */

/* Begin PBXContainerItemProxy section */
		C6C0B13E3CC15CC300000000 /* PBXContainerItemProxy */ = {
			isa = PBXContainerItemProxy;
			containerPortal = 6A41A807D27ED01F00000000 /* Project object */;
			proxyType = 1;
			remoteGlobalIDString = B63885673CC15CC200000000;
		};
		C6C0B13E6A1A08AF00000000 /* PBXContainerItemProxy */ = {
			isa = PBXContainerItemProxy;
			containerPortal = 6A41A807D27ED01F00000000 /* Project object */;
			proxyType = 1;
			remoteGlobalIDString = B63885676A1A08AE00000000;
		};
		C6C0B13E8C54284100000000 /* PBXContainerItemProxy */ = {
			isa = PBXContainerItemProxy;
			containerPortal = 6A41A807D27ED01F00000000 /* Project object */;
			proxyType = 1;
			remoteGlobalIDString = 8D6D3A978C54284000000000;
		};
		C6C0B13E9D8C25FF00000000 /* PBXContainerItemProxy */ = {
			isa = PBXContainerItemProxy;
			containerPortal = 6A41A807D27ED01F00000000 /* Project object */;
			proxyType = 1;
			remoteGlobalIDString = B63885679D8C25FE00000000;
		};
/* End PBXContainerItemProxy section */

/* Begin PBXFileReference section */
		957732B806BC64BC00000000 /* Version.swift */ = {isa = PBXFileReference; lastKnownFileType = sourcecode.swift; name = Version.swift; path = GoTrue/Sources/Version.swift; sourceTree = "<group>"; };
		957732B8099E2AC400000000 /* _idx_TLLogging_3F304814_ios_min13.0.framework */ = {isa = PBXFileReference; explicitFileType = wrapper.framework; path = _idx_TLLogging_3F304814_ios_min13.0.framework; sourceTree = BUILT_PRODUCTS_DIR; };
		957732B8123AC53D00000000 /* BUILD */ = {isa = PBXFileReference; lastKnownFileType = text; name = BUILD; path = Lib/Logging/BUILD; sourceTree = "<group>"; xcLanguageSpecificationIdentifier = xcode.lang.python; };
		957732B82E40698100000000 /* Base */ = {isa = PBXFileReference; lastKnownFileType = text; name = Base; path = App/Base.lproj/LaunchScreen.storyboard; sourceTree = "<group>"; };
		957732B82EFC70A800000000 /* TLConsoleLogEngine.swift */ = {isa = PBXFileReference; lastKnownFileType = sourcecode.swift; name = TLConsoleLogEngine.swift; path = Lib/Logging/TLConsoleLogEngine.swift; sourceTree = "<group>"; };
		957732B8309C492400000000 /* Get.framework */ = {isa = PBXFileReference; lastKnownFileType = wrapper.framework; name = Get.framework; path = "GoTrue/Get.xcframework/ios-arm64_x86_64-simulator/Get.framework"; sourceTree = "<group>"; };
		957732B83A63335200000000 /* Assets.xcassets */ = {isa = PBXFileReference; lastKnownFileType = folder.assetcatalog; name = Assets.xcassets; path = Assets/Assets.xcassets; sourceTree = "<group>"; };
		957732B83AB6248300000000 /* AuthChangeEvent.swift */ = {isa = PBXFileReference; lastKnownFileType = sourcecode.swift; name = AuthChangeEvent.swift; path = GoTrue/Sources/AuthChangeEvent.swift; sourceTree = "<group>"; };
		957732B83B011BA300000000 /* BUILD */ = {isa = PBXFileReference; lastKnownFileType = text; name = BUILD; path = config/BUILD; sourceTree = "<group>"; xcLanguageSpecificationIdentifier = xcode.lang.python; };
		957732B83E6B31E700000000 /* TLLoggingUtil.h */ = {isa = PBXFileReference; lastKnownFileType = sourcecode.c.h; name = TLLoggingUtil.h; path = Lib/Logging/TLLoggingUtil.h; sourceTree = "<group>"; };
		957732B842A559F300000000 /* SessionManager.swift */ = {isa = PBXFileReference; lastKnownFileType = sourcecode.swift; name = SessionManager.swift; path = GoTrue/Sources/Internal/SessionManager.swift; sourceTree = "<group>"; };
		957732B8451A792400000000 /* Info.plist */ = {isa = PBXFileReference; lastKnownFileType = text.plist; name = Info.plist; path = App/Info.plist; sourceTree = "<group>"; };
		957732B84A3894DB00000000 /* BUILD */ = {isa = PBXFileReference; lastKnownFileType = text; name = BUILD; path = App/BUILD; sourceTree = "<group>"; xcLanguageSpecificationIdentifier = xcode.lang.python; };
		957732B84F3E2B6B00000000 /* TLLogging.swift */ = {isa = PBXFileReference; lastKnownFileType = sourcecode.swift; name = TLLogging.swift; path = Lib/Logging/TLLogging.swift; sourceTree = "<group>"; };
		957732B85676329D00000000 /* Extensions.swift */ = {isa = PBXFileReference; lastKnownFileType = sourcecode.swift; name = Extensions.swift; path = GoTrue/Sources/Extensions.swift; sourceTree = "<group>"; };
		957732B867682D1200000000 /* lib_idx_TLLoggingHelper_A9847770_ios_min13.0.a */ = {isa = PBXFileReference; explicitFileType = archive.ar; path = lib_idx_TLLoggingHelper_A9847770_ios_min13.0.a; sourceTree = BUILT_PRODUCTS_DIR; };
		957732B86C9AAC8E00000000 /* _idx_GoTrue_5B5E2157_ios_min13.0.framework */ = {isa = PBXFileReference; explicitFileType = wrapper.framework; path = _idx_GoTrue_5B5E2157_ios_min13.0.framework; sourceTree = BUILT_PRODUCTS_DIR; };
		957732B8714E505C00000000 /* TLLoggingUtil.swift */ = {isa = PBXFileReference; lastKnownFileType = sourcecode.swift; name = TLLoggingUtil.swift; path = Lib/Logging/TLLoggingUtil.swift; sourceTree = "<group>"; };
		957732B8781E2E7100000000 /* AppDelegate.swift */ = {isa = PBXFileReference; lastKnownFileType = sourcecode.swift; name = AppDelegate.swift; path = App/AppDelegate.swift; sourceTree = "<group>"; };
		957732B87BB9C51400000000 /* ios_app.app */ = {isa = PBXFileReference; explicitFileType = wrapper.application; path = ios_app.app; sourceTree = BUILT_PRODUCTS_DIR; };
		957732B87DB9E27600000000 /* GoTrueClient.swift */ = {isa = PBXFileReference; lastKnownFileType = sourcecode.swift; name = GoTrueClient.swift; path = GoTrue/Sources/GoTrueClient.swift; sourceTree = "<group>"; };
		957732B87F05631E00000000 /* BUILD */ = {isa = PBXFileReference; lastKnownFileType = text; name = BUILD; path = Assets/BUILD; sourceTree = "<group>"; xcLanguageSpecificationIdentifier = xcode.lang.python; };
		957732B8869F8A9300000000 /* Paths.swift */ = {isa = PBXFileReference; lastKnownFileType = sourcecode.swift; name = Paths.swift; path = GoTrue/Sources/Generated/Paths.swift; sourceTree = "<group>"; };
		957732B891949AC000000000 /* Entities.swift */ = {isa = PBXFileReference; lastKnownFileType = sourcecode.swift; name = Entities.swift; path = GoTrue/Sources/Generated/Entities.swift; sourceTree = "<group>"; };
		957732B894B94A9500000000 /* GoTrueError.swift */ = {isa = PBXFileReference; lastKnownFileType = sourcecode.swift; name = GoTrueError.swift; path = GoTrue/Sources/GoTrueError.swift; sourceTree = "<group>"; };
		957732B8980BD37600000000 /* Constants.swift */ = {isa = PBXFileReference; lastKnownFileType = sourcecode.swift; name = Constants.swift; path = GoTrue/Sources/Constants.swift; sourceTree = "<group>"; };
		957732B8B2BC504400000000 /* ViewController.swift */ = {isa = PBXFileReference; lastKnownFileType = sourcecode.swift; name = ViewController.swift; path = App/ViewController.swift; sourceTree = "<group>"; };
		957732B8B9F4BF3400000000 /* ComposableKeychain.framework */ = {isa = PBXFileReference; lastKnownFileType = wrapper.framework; name = ComposableKeychain.framework; path = "GoTrue/ComposableKeychain.xcframework/ios-arm64_x86_64-simulator/ComposableKeychain.framework"; sourceTree = "<group>"; };
		957732B8C00DD53A00000000 /* TLLoggingUtil.m */ = {isa = PBXFileReference; lastKnownFileType = sourcecode.c.objc; name = TLLoggingUtil.m; path = Lib/Logging/TLLoggingUtil.m; sourceTree = "<group>"; };
		957732B8C2EE535700000000 /* BUILD */ = {isa = PBXFileReference; lastKnownFileType = text; name = BUILD; path = GoTrue/BUILD; sourceTree = "<group>"; xcLanguageSpecificationIdentifier = xcode.lang.python; };
		957732B8C3DD725600000000 /* URLQueryEncoderKit.framework */ = {isa = PBXFileReference; lastKnownFileType = wrapper.framework; name = URLQueryEncoderKit.framework; path = "GoTrue/URLQueryEncoderKit.xcframework/ios-arm64_x86_64-simulator/URLQueryEncoderKit.framework"; sourceTree = "<group>"; };
		957732B8CF1A110500000000 /* KeychainAccess.framework */ = {isa = PBXFileReference; lastKnownFileType = wrapper.framework; name = KeychainAccess.framework; path = "GoTrue/KeychainAccess.xcframework/ios-arm64_i386_x86_64-simulator/KeychainAccess.framework"; sourceTree = "<group>"; };
		957732B8D1C6388600000000 /* Helpers.swift */ = {isa = PBXFileReference; lastKnownFileType = sourcecode.swift; name = Helpers.swift; path = GoTrue/Sources/Internal/Helpers.swift; sourceTree = "<group>"; };
		957732B8D74DB86E00000000 /* _idx_App_Classes_581B5A25_ios_min13.0.framework */ = {isa = PBXFileReference; explicitFileType = wrapper.framework; path = _idx_App_Classes_581B5A25_ios_min13.0.framework; sourceTree = BUILT_PRODUCTS_DIR; };
		957732B8E9D9737900000000 /* Info.plist */ = {isa = PBXFileReference; explicitFileType = text.plist; name = Info.plist; path = "SupabaseDemo.xcodeproj/.tulsi/tulsi-execution-root/bazel-tulsi-includes/x/x/App/ios_app-intermediates/Info.plist"; sourceTree = SOURCE_ROOT; };
		957732B8F87EACEA00000000 /* Base */ = {isa = PBXFileReference; lastKnownFileType = text; name = Base; path = App/Base.lproj/Main.storyboard; sourceTree = "<group>"; };
		957732B8FE87BB3B00000000 /* Environment.swift */ = {isa = PBXFileReference; lastKnownFileType = sourcecode.swift; name = Environment.swift; path = GoTrue/Sources/Internal/Environment.swift; sourceTree = "<group>"; };
/* End PBXFileReference section */

/* Begin PBXGroup section */
		0C43752911283C6500000000 /* ComposableKeychain.xcframework */ = {
			isa = PBXGroup;
			children = (
				0C437529CDE6B15900000000 /* ios-arm64_x86_64-simulator */,
			);
			name = ComposableKeychain.xcframework;
			sourceTree = "<group>";
		};
		0C43752931413F4200000000 /* Products */ = {
			isa = PBXGroup;
			children = (
				0C4375297D4D4B7100000000 /* Indexer */,
				0C437529B8654FC700000000 /* bazel-tulsi-includes */,
				957732B87BB9C51400000000 /* ios_app.app */,
			);
			name = Products;
			sourceTree = "<group>";
		};
		0C4375293648080600000000 /* Generated */ = {
			isa = PBXGroup;
			children = (
				957732B891949AC000000000 /* Entities.swift */,
				957732B8869F8A9300000000 /* Paths.swift */,
			);
			name = Generated;
			sourceTree = "<group>";
		};
		0C43752939F96E3B00000000 /* Internal */ = {
			isa = PBXGroup;
			children = (
				957732B8FE87BB3B00000000 /* Environment.swift */,
				957732B8D1C6388600000000 /* Helpers.swift */,
				957732B842A559F300000000 /* SessionManager.swift */,
			);
			name = Internal;
			sourceTree = "<group>";
		};
		0C4375293B20CA0800000000 /* Logging */ = {
			isa = PBXGroup;
			children = (
				957732B8123AC53D00000000 /* BUILD */,
				957732B82EFC70A800000000 /* TLConsoleLogEngine.swift */,
				957732B84F3E2B6B00000000 /* TLLogging.swift */,
				957732B83E6B31E700000000 /* TLLoggingUtil.h */,
				957732B8C00DD53A00000000 /* TLLoggingUtil.m */,
				957732B8714E505C00000000 /* TLLoggingUtil.swift */,
			);
			name = Logging;
			sourceTree = "<group>";
		};
		0C4375296A29EBA100000000 /* Sources */ = {
			isa = PBXGroup;
			children = (
				957732B83AB6248300000000 /* AuthChangeEvent.swift */,
				957732B8980BD37600000000 /* Constants.swift */,
				957732B85676329D00000000 /* Extensions.swift */,
				0C4375293648080600000000 /* Generated */,
				957732B87DB9E27600000000 /* GoTrueClient.swift */,
				957732B894B94A9500000000 /* GoTrueError.swift */,
				0C43752939F96E3B00000000 /* Internal */,
				957732B806BC64BC00000000 /* Version.swift */,
			);
			name = Sources;
			sourceTree = "<group>";
		};
		0C437529726B076600000000 /* ios_app-intermediates */ = {
			isa = PBXGroup;
			children = (
				957732B8E9D9737900000000 /* Info.plist */,
			);
			name = "ios_app-intermediates";
			sourceTree = "<group>";
		};
		0C4375297D4D4B7100000000 /* Indexer */ = {
			isa = PBXGroup;
			children = (
				957732B8D74DB86E00000000 /* _idx_App_Classes_581B5A25_ios_min13.0.framework */,
				957732B86C9AAC8E00000000 /* _idx_GoTrue_5B5E2157_ios_min13.0.framework */,
				957732B8099E2AC400000000 /* _idx_TLLogging_3F304814_ios_min13.0.framework */,
				957732B867682D1200000000 /* lib_idx_TLLoggingHelper_A9847770_ios_min13.0.a */,
			);
			name = Indexer;
			sourceTree = "<group>";
		};
		0C437529831EF31B00000000 /* URLQueryEncoderKit.xcframework */ = {
			isa = PBXGroup;
			children = (
				0C437529CDE6B15900000002 /* ios-arm64_x86_64-simulator */,
			);
			name = URLQueryEncoderKit.xcframework;
			sourceTree = "<group>";
		};
		0C437529834C86F000000000 /* GoTrue */ = {
			isa = PBXGroup;
			children = (
				957732B8C2EE535700000000 /* BUILD */,
				0C43752911283C6500000000 /* ComposableKeychain.xcframework */,
				0C437529CFFE58DE00000000 /* Get.xcframework */,
				0C437529E5814D9C00000000 /* KeychainAccess.xcframework */,
				0C4375296A29EBA100000000 /* Sources */,
				0C437529831EF31B00000000 /* URLQueryEncoderKit.xcframework */,
			);
			name = GoTrue;
			sourceTree = "<group>";
		};
		0C43752989F492C700000000 /* x */ = {
			isa = PBXGroup;
			children = (
				0C43752989F492C700000001 /* x */,
			);
			name = x;
			sourceTree = "<group>";
		};
		0C43752989F492C700000001 /* x */ = {
			isa = PBXGroup;
			children = (
				0C437529C745B99700000001 /* App */,
			);
			name = x;
			sourceTree = "<group>";
		};
		0C437529ABA9514300000000 /* Lib */ = {
			isa = PBXGroup;
			children = (
				0C4375293B20CA0800000000 /* Logging */,
			);
			name = Lib;
			sourceTree = "<group>";
		};
		0C437529B2FD6ADD00000000 /* config */ = {
			isa = PBXGroup;
			children = (
				957732B83B011BA300000000 /* BUILD */,
			);
			name = config;
			sourceTree = "<group>";
		};
		0C437529B37ACA9A00000000 /* ios-arm64_i386_x86_64-simulator */ = {
			isa = PBXGroup;
			children = (
				957732B8CF1A110500000000 /* KeychainAccess.framework */,
			);
			name = "ios-arm64_i386_x86_64-simulator";
			sourceTree = "<group>";
		};
		0C437529B8654FC700000000 /* bazel-tulsi-includes */ = {
			isa = PBXGroup;
			children = (
				0C43752989F492C700000000 /* x */,
			);
			name = "bazel-tulsi-includes";
			sourceTree = "<group>";
		};
		0C437529C745B99700000000 /* App */ = {
			isa = PBXGroup;
			children = (
				957732B8781E2E7100000000 /* AppDelegate.swift */,
				957732B84A3894DB00000000 /* BUILD */,
				957732B8451A792400000000 /* Info.plist */,
				C91AF8DC88E1FC8300000000 /* LaunchScreen.storyboard */,
				C91AF8DC94860E6900000000 /* Main.storyboard */,
				957732B8B2BC504400000000 /* ViewController.swift */,
			);
			name = App;
			sourceTree = "<group>";
		};
		0C437529C745B99700000001 /* App */ = {
			isa = PBXGroup;
			children = (
				0C437529726B076600000000 /* ios_app-intermediates */,
			);
			name = App;
			sourceTree = "<group>";
		};
		0C437529CA12344500000000 /* mainGroup */ = {
			isa = PBXGroup;
			children = (
				0C437529C745B99700000000 /* App */,
				0C437529F76200C800000000 /* Assets */,
				0C437529834C86F000000000 /* GoTrue */,
				0C437529ABA9514300000000 /* Lib */,
				0C43752931413F4200000000 /* Products */,
				0C437529B2FD6ADD00000000 /* config */,
			);
			name = mainGroup;
			sourceTree = SOURCE_ROOT;
		};
		0C437529CDE6B15900000000 /* ios-arm64_x86_64-simulator */ = {
			isa = PBXGroup;
			children = (
				957732B8B9F4BF3400000000 /* ComposableKeychain.framework */,
			);
			name = "ios-arm64_x86_64-simulator";
			sourceTree = "<group>";
		};
		0C437529CDE6B15900000001 /* ios-arm64_x86_64-simulator */ = {
			isa = PBXGroup;
			children = (
				957732B8309C492400000000 /* Get.framework */,
			);
			name = "ios-arm64_x86_64-simulator";
			sourceTree = "<group>";
		};
		0C437529CDE6B15900000002 /* ios-arm64_x86_64-simulator */ = {
			isa = PBXGroup;
			children = (
				957732B8C3DD725600000000 /* URLQueryEncoderKit.framework */,
			);
			name = "ios-arm64_x86_64-simulator";
			sourceTree = "<group>";
		};
		0C437529CFFE58DE00000000 /* Get.xcframework */ = {
			isa = PBXGroup;
			children = (
				0C437529CDE6B15900000001 /* ios-arm64_x86_64-simulator */,
			);
			name = Get.xcframework;
			sourceTree = "<group>";
		};
		0C437529E5814D9C00000000 /* KeychainAccess.xcframework */ = {
			isa = PBXGroup;
			children = (
				0C437529B37ACA9A00000000 /* ios-arm64_i386_x86_64-simulator */,
			);
			name = KeychainAccess.xcframework;
			sourceTree = "<group>";
		};
		0C437529F76200C800000000 /* Assets */ = {
			isa = PBXGroup;
			children = (
				957732B83A63335200000000 /* Assets.xcassets */,
				957732B87F05631E00000000 /* BUILD */,
			);
			name = Assets;
			sourceTree = "<group>";
		};
/* End PBXGroup section */

/* Begin PBXLegacyTarget section */
		8D6D3A978C54284000000000 /* _bazel_clean_ */ = {
			isa = PBXLegacyTarget;
			buildArgumentsString = "\"/usr/local/bin/bazel\" \"bazel-bin\"";
			buildConfigurationList = 99607AF20A2F85DF00000000 /* Build configuration list for PBXLegacyTarget "_bazel_clean_" */;
			buildPhases = (
			);
			buildToolPath = "${PROJECT_FILE_PATH}/.tulsi/Scripts/bazel_clean.sh";
			buildWorkingDirectory = "";
			dependencies = (
			);
			name = _bazel_clean_;
			passBuildSettingsInEnvironment = 1;
			productName = _bazel_clean_;
		};
/* End PBXLegacyTarget section */

/* Begin PBXNativeTarget section */
		B63885673CC15CC200000000 /* _idx_GoTrue_5B5E2157_ios_min13.0 */ = {
			isa = PBXNativeTarget;
			buildConfigurationList = 99607AF2F9359D6600000000 /* Build configuration list for PBXNativeTarget "_idx_GoTrue_5B5E2157_ios_min13.0" */;
			buildPhases = (
				907FBCC40000000000000001 /* Sources */,
			);
			buildRules = (
			);
			dependencies = (
				E6FB69258C54284100000000 /* PBXTargetDependency */,
			);
			name = _idx_GoTrue_5B5E2157_ios_min13.0;
			productName = _idx_GoTrue_5B5E2157_ios_min13.0;
			productReference = 957732B86C9AAC8E00000000 /* _idx_GoTrue_5B5E2157_ios_min13.0.framework */;
			productType = "com.apple.product-type.framework";
		};
		B63885676A1A08AE00000000 /* _idx_TLLogging_3F304814_ios_min13.0 */ = {
			isa = PBXNativeTarget;
			buildConfigurationList = 99607AF20074B42100000000 /* Build configuration list for PBXNativeTarget "_idx_TLLogging_3F304814_ios_min13.0" */;
			buildPhases = (
				907FBCC40000000000000002 /* Sources */,
			);
			buildRules = (
			);
			dependencies = (
				E6FB69258C54284100000000 /* PBXTargetDependency */,
				E6FB69259D8C25FF00000000 /* PBXTargetDependency */,
			);
			name = _idx_TLLogging_3F304814_ios_min13.0;
			productName = _idx_TLLogging_3F304814_ios_min13.0;
			productReference = 957732B8099E2AC400000000 /* _idx_TLLogging_3F304814_ios_min13.0.framework */;
			productType = "com.apple.product-type.framework";
		};
		B63885679D8C25FE00000000 /* _idx_TLLoggingHelper_A9847770_ios_min13.0 */ = {
			isa = PBXNativeTarget;
			buildConfigurationList = 99607AF2EF6D388500000000 /* Build configuration list for PBXNativeTarget "_idx_TLLoggingHelper_A9847770_ios_min13.0" */;
			buildPhases = (
				907FBCC40000000000000003 /* Sources */,
			);
			buildRules = (
			);
			dependencies = (
				E6FB69258C54284100000000 /* PBXTargetDependency */,
			);
			name = _idx_TLLoggingHelper_A9847770_ios_min13.0;
			productName = _idx_TLLoggingHelper_A9847770_ios_min13.0;
			productReference = 957732B867682D1200000000 /* lib_idx_TLLoggingHelper_A9847770_ios_min13.0.a */;
			productType = "com.apple.product-type.library.static";
		};
		B6388567CD57850C00000000 /* _idx_App_Classes_581B5A25_ios_min13.0 */ = {
			isa = PBXNativeTarget;
			buildConfigurationList = 99607AF22014F4D800000000 /* Build configuration list for PBXNativeTarget "_idx_App_Classes_581B5A25_ios_min13.0" */;
			buildPhases = (
				907FBCC40000000000000000 /* Sources */,
			);
			buildRules = (
			);
			dependencies = (
				E6FB69258C54284100000000 /* PBXTargetDependency */,
				E6FB69253CC15CC300000000 /* PBXTargetDependency */,
				E6FB69256A1A08AF00000000 /* PBXTargetDependency */,
			);
			name = _idx_App_Classes_581B5A25_ios_min13.0;
			productName = _idx_App_Classes_581B5A25_ios_min13.0;
			productReference = 957732B8D74DB86E00000000 /* _idx_App_Classes_581B5A25_ios_min13.0.framework */;
			productType = "com.apple.product-type.framework";
		};
		B6388567F5629C7800000000 /* ios_app */ = {
			isa = PBXNativeTarget;
			buildConfigurationList = 99607AF256C1342900000000 /* Build configuration list for PBXNativeTarget "ios_app" */;
			buildPhases = (
				1037EBB83A75A93B00000000 /* build //App:ios_app */,
			);
			buildRules = (
			);
			dependencies = (
				E6FB69258C54284100000000 /* PBXTargetDependency */,
			);
			name = ios_app;
			productName = ios_app;
			productReference = 957732B87BB9C51400000000 /* ios_app.app */;
			productType = "com.apple.product-type.application";
		};
/* End PBXNativeTarget section */

/* Begin PBXProject section */
		6A41A807D27ED01F00000000 /* Project object */ = {
			isa = PBXProject;
			attributes = {
				LastSwiftUpdateCheck = 0710;
				LastUpgradeCheck = 1000;
			};
			buildConfigurationList = 99607AF232466FF600000000 /* Build configuration list for PBXProject "SupabaseDemo" */;
			compatibilityVersion = "Xcode 3.2";
			developmentRegion = English;
			hasScannedForEncodings = 0;
			knownRegions = (
				English,
				en,
				Base,
			);
			mainGroup = 0C437529CA12344500000000 /* mainGroup */;
			projectDirPath = "";
			projectRoot = "";
			targets = (
				8D6D3A978C54284000000000 /* _bazel_clean_ */,
				B6388567CD57850C00000000 /* _idx_App_Classes_581B5A25_ios_min13.0 */,
				B63885673CC15CC200000000 /* _idx_GoTrue_5B5E2157_ios_min13.0 */,
				B63885679D8C25FE00000000 /* _idx_TLLoggingHelper_A9847770_ios_min13.0 */,
				B63885676A1A08AE00000000 /* _idx_TLLogging_3F304814_ios_min13.0 */,
				B6388567F5629C7800000000 /* ios_app */,
			);
		};
/* End PBXProject section */

/* Begin PBXShellScriptBuildPhase section */
		1037EBB83A75A93B00000000 /* build //App:ios_app */ = {
			isa = PBXShellScriptBuildPhase;
			buildActionMask = 0;
			files = (
			);
			inputPaths = (
				"$(TARGET_BUILD_DIR)/$(INFOPLIST_PATH)",
			);
			name = "build //App:ios_app";
			outputPaths = (
			);
			runOnlyForDeploymentPostprocessing = 0;
			shellPath = /bin/bash;
			shellScript = "set -e\n\nexec \"${PROJECT_FILE_PATH}/.tulsi/Scripts/bazel_build.py\" //App:ios_app --bazel \"/usr/local/bin/bazel\" --bazel_bin_path \"bazel-bin\" --verbose ";
		};
/* End PBXShellScriptBuildPhase section */

/* Begin PBXSourcesBuildPhase section */
		907FBCC40000000000000000 /* Sources */ = {
			isa = PBXSourcesBuildPhase;
			buildActionMask = 0;
			files = (
				9B0EBC3D781E2E7100000000 /* AppDelegate.swift in Sources */,
				9B0EBC3DB2BC504400000000 /* ViewController.swift in Sources */,
			);
			runOnlyForDeploymentPostprocessing = 0;
		};
		907FBCC40000000000000001 /* Sources */ = {
			isa = PBXSourcesBuildPhase;
			buildActionMask = 0;
			files = (
				9B0EBC3D3AB6248300000000 /* AuthChangeEvent.swift in Sources */,
				9B0EBC3D980BD37600000000 /* Constants.swift in Sources */,
				9B0EBC3D5676329D00000000 /* Extensions.swift in Sources */,
				9B0EBC3D91949AC000000000 /* Entities.swift in Sources */,
				9B0EBC3D869F8A9300000000 /* Paths.swift in Sources */,
				9B0EBC3D7DB9E27600000000 /* GoTrueClient.swift in Sources */,
				9B0EBC3D94B94A9500000000 /* GoTrueError.swift in Sources */,
				9B0EBC3DFE87BB3B00000000 /* Environment.swift in Sources */,
				9B0EBC3DD1C6388600000000 /* Helpers.swift in Sources */,
				9B0EBC3D42A559F300000000 /* SessionManager.swift in Sources */,
				9B0EBC3D06BC64BC00000000 /* Version.swift in Sources */,
			);
			runOnlyForDeploymentPostprocessing = 0;
		};
		907FBCC40000000000000002 /* Sources */ = {
			isa = PBXSourcesBuildPhase;
			buildActionMask = 0;
			files = (
				9B0EBC3D2EFC70A800000000 /* TLConsoleLogEngine.swift in Sources */,
				9B0EBC3D4F3E2B6B00000000 /* TLLogging.swift in Sources */,
				9B0EBC3D714E505C00000000 /* TLLoggingUtil.swift in Sources */,
			);
			runOnlyForDeploymentPostprocessing = 0;
		};
		907FBCC40000000000000003 /* Sources */ = {
			isa = PBXSourcesBuildPhase;
			buildActionMask = 0;
			files = (
				9B0EBC3DC00DD53A00000000 /* TLLoggingUtil.m in Sources */,
			);
			runOnlyForDeploymentPostprocessing = 0;
		};
/* End PBXSourcesBuildPhase section */

/* Begin PBXTargetDependency section */
		E6FB69253CC15CC300000000 /* PBXTargetDependency */ = {
			isa = PBXTargetDependency;
			target = B63885673CC15CC200000000 /* _idx_GoTrue_5B5E2157_ios_min13.0 */;
			targetProxy = C6C0B13E3CC15CC300000000 /* PBXContainerItemProxy */;
		};
		E6FB69256A1A08AF00000000 /* PBXTargetDependency */ = {
			isa = PBXTargetDependency;
			target = B63885676A1A08AE00000000 /* _idx_TLLogging_3F304814_ios_min13.0 */;
			targetProxy = C6C0B13E6A1A08AF00000000 /* PBXContainerItemProxy */;
		};
		E6FB69258C54284100000000 /* PBXTargetDependency */ = {
			isa = PBXTargetDependency;
			target = 8D6D3A978C54284000000000 /* _bazel_clean_ */;
			targetProxy = C6C0B13E8C54284100000000 /* PBXContainerItemProxy */;
		};
		E6FB69259D8C25FF00000000 /* PBXTargetDependency */ = {
			isa = PBXTargetDependency;
			target = B63885679D8C25FE00000000 /* _idx_TLLoggingHelper_A9847770_ios_min13.0 */;
			targetProxy = C6C0B13E9D8C25FF00000000 /* PBXContainerItemProxy */;
		};
/* End PBXTargetDependency section */

/* Begin PBXVariantGroup section */
		C91AF8DC88E1FC8300000000 /* LaunchScreen.storyboard */ = {
			isa = PBXVariantGroup;
			children = (
				957732B82E40698100000000 /* Base */,
			);
			name = LaunchScreen.storyboard;
			sourceTree = "<group>";
		};
		C91AF8DC94860E6900000000 /* Main.storyboard */ = {
			isa = PBXVariantGroup;
			children = (
				957732B8F87EACEA00000000 /* Base */,
			);
			name = Main.storyboard;
			sourceTree = "<group>";
		};
/* End PBXVariantGroup section */

/* Begin XCBuildConfiguration section */
		83B9F47728C6C53D0058E4D5 /* Debug */ = {
			isa = XCBuildConfiguration;
			buildSettings = {
				COPY_PHASE_STRIP = NO;
				GCC_DYNAMIC_NO_PIC = NO;
				GCC_OPTIMIZATION_LEVEL = 0;
				PRODUCT_NAME = _bazel_clean_;
			};
			name = Debug;
		};
		83B9F47828C6C53D0058E4D5 /* Release */ = {
			isa = XCBuildConfiguration;
			buildSettings = {
				COPY_PHASE_STRIP = YES;
				DEBUG_INFORMATION_FORMAT = "dwarf-with-dsym";
				PRODUCT_NAME = _bazel_clean_;
			};
			name = Release;
		};
		83B9F47928C6C53D0058E4D5 /* __TulsiTestRunner_Debug */ = {
			isa = XCBuildConfiguration;
			buildSettings = {
				PRODUCT_NAME = _bazel_clean_;
			};
			name = __TulsiTestRunner_Debug;
		};
		83B9F47A28C6C53D0058E4D5 /* __TulsiTestRunner_Release */ = {
			isa = XCBuildConfiguration;
			buildSettings = {
				PRODUCT_NAME = _bazel_clean_;
			};
			name = __TulsiTestRunner_Release;
		};
		83B9F47B28C6C53D0058E4D5 /* __TulsiTestRunner_Debug */ = {
			isa = XCBuildConfiguration;
			buildSettings = {
				PRODUCT_NAME = _idx_App_Classes_581B5A25_ios_min13.0;
			};
			name = __TulsiTestRunner_Debug;
		};
		83B9F47C28C6C53D0058E4D5 /* __TulsiTestRunner_Release */ = {
			isa = XCBuildConfiguration;
			buildSettings = {
				PRODUCT_NAME = _idx_App_Classes_581B5A25_ios_min13.0;
			};
			name = __TulsiTestRunner_Release;
		};
		83B9F47D28C6C53D0058E4D5 /* __TulsiTestRunner_Debug */ = {
			isa = XCBuildConfiguration;
			buildSettings = {
				PRODUCT_NAME = _idx_GoTrue_5B5E2157_ios_min13.0;
			};
			name = __TulsiTestRunner_Debug;
		};
		83B9F47E28C6C53D0058E4D5 /* __TulsiTestRunner_Release */ = {
			isa = XCBuildConfiguration;
			buildSettings = {
				PRODUCT_NAME = _idx_GoTrue_5B5E2157_ios_min13.0;
			};
			name = __TulsiTestRunner_Release;
		};
		83B9F47F28C6C53D0058E4D5 /* __TulsiTestRunner_Debug */ = {
			isa = XCBuildConfiguration;
			buildSettings = {
				PRODUCT_NAME = _idx_TLLoggingHelper_A9847770_ios_min13.0;
			};
			name = __TulsiTestRunner_Debug;
		};
		83B9F48028C6C53D0058E4D5 /* __TulsiTestRunner_Release */ = {
			isa = XCBuildConfiguration;
			buildSettings = {
				PRODUCT_NAME = _idx_TLLoggingHelper_A9847770_ios_min13.0;
			};
			name = __TulsiTestRunner_Release;
		};
		83B9F48128C6C53D0058E4D5 /* __TulsiTestRunner_Debug */ = {
			isa = XCBuildConfiguration;
			buildSettings = {
				PRODUCT_NAME = _idx_TLLogging_3F304814_ios_min13.0;
			};
			name = __TulsiTestRunner_Debug;
		};
		83B9F48228C6C53D0058E4D5 /* __TulsiTestRunner_Release */ = {
			isa = XCBuildConfiguration;
			buildSettings = {
				PRODUCT_NAME = _idx_TLLogging_3F304814_ios_min13.0;
			};
			name = __TulsiTestRunner_Release;
		};
		BC3365063BDD297000000000 /* __TulsiTestRunner_Debug */ = {
			isa = XCBuildConfiguration;
			buildSettings = {
				ALWAYS_SEARCH_USER_PATHS = NO;
				CLANG_CXX_LANGUAGE_STANDARD = "gnu++17";
				CLANG_ENABLE_OBJC_ARC = YES;
				CLANG_WARN_BOOL_CONVERSION = YES;
				CLANG_WARN_CONSTANT_CONVERSION = YES;
				CLANG_WARN_EMPTY_BODY = YES;
				CLANG_WARN_ENUM_CONVERSION = YES;
				CLANG_WARN_INT_CONVERSION = YES;
				CLANG_WARN_UNREACHABLE_CODE = YES;
				CLANG_WARN__DUPLICATE_METHOD_MATCH = YES;
				CODE_SIGNING_REQUIRED = NO;
				CODE_SIGN_IDENTITY = "";
				DONT_RUN_SWIFT_STDLIB_TOOL = YES;
				ENABLE_TESTABILITY = YES;
				FRAMEWORK_SEARCH_PATHS = "";
				GCC_PREPROCESSOR_DEFINITIONS = "DEBUG=1";
				GCC_WARN_64_TO_32_BIT_CONVERSION = YES;
				GCC_WARN_ABOUT_RETURN_TYPE = YES;
				GCC_WARN_UNDECLARED_SELECTOR = YES;
				GCC_WARN_UNINITIALIZED_AUTOS = YES;
				GCC_WARN_UNUSED_FUNCTION = YES;
				GCC_WARN_UNUSED_VARIABLE = YES;
				HEADER_SEARCH_PATHS = "";
				ONLY_ACTIVE_ARCH = YES;
				OTHER_CFLAGS = "--version";
				OTHER_LDFLAGS = "--version";
				OTHER_SWIFT_FLAGS = "--version";
				PYTHONIOENCODING = utf8;
				SDKROOT = iphoneos;
				SWIFT_INSTALL_OBJC_HEADER = NO;
				SWIFT_OBJC_INTERFACE_HEADER_NAME = "$(PRODUCT_NAME).h";
				SWIFT_VERSION = 5.6;
				TULSI_BWRS = "$(PROJECT_FILE_PATH)/.tulsi/tulsi-execution-root";
				TULSI_EXECUTION_ROOT = "$(PROJECT_FILE_PATH)/.tulsi/tulsi-execution-root";
				TULSI_LLDBINIT_FILE = "$(PROJECT_FILE_PATH)/.tulsi/Utils/lldbinit";
				TULSI_OUTPUT_BASE = "$(PROJECT_FILE_PATH)/.tulsi/tulsi-output-base";
				TULSI_PROJECT = SupabaseDemo;
				TULSI_VERSION = 0.20220310.88;
				TULSI_WR = "$(SRCROOT)";
			};
			name = __TulsiTestRunner_Debug;
		};
		BC3365063BDD297000000001 /* __TulsiTestRunner_Debug */ = {
			isa = XCBuildConfiguration;
			buildSettings = {
				ASSETCATALOG_COMPILER_LAUNCHIMAGE_NAME = "Stub Launch Image";
				BAZEL_TARGET = "//App:ios_app";
				DEBUG_INFORMATION_FORMAT = dwarf;
				FRAMEWORK_SEARCH_PATHS = "";
				GCC_PREPROCESSOR_DEFINITIONS = "DEBUG=1";
				HEADER_SEARCH_PATHS = "";
				INFOPLIST_FILE = "${PROJECT_FILE_PATH}/.tulsi/Resources/StubInfoPlist.plist";
				IPHONEOS_DEPLOYMENT_TARGET = 13.0;
				ONLY_ACTIVE_ARCH = YES;
				OTHER_CFLAGS = "--version";
				OTHER_LDFLAGS = "--version";
				OTHER_SWIFT_FLAGS = "--version";
				PRODUCT_BUNDLE_IDENTIFIER = com.thanhvu.test;
				PRODUCT_NAME = ios_app;
				SDKROOT = iphoneos;
				SWIFT_INSTALL_OBJC_HEADER = NO;
				SWIFT_OBJC_INTERFACE_HEADER_NAME = "$(PRODUCT_NAME).h";
				TULSI_BUILD_PATH = App;
				TULSI_XCODE_VERSION = 13.4.1.13F100;
			};
			name = __TulsiTestRunner_Debug;
		};
		BC336506A633F4BB00000000 /* Debug */ = {
			isa = XCBuildConfiguration;
			buildSettings = {
				ALWAYS_SEARCH_USER_PATHS = NO;
				CLANG_CXX_LANGUAGE_STANDARD = "gnu++17";
				CLANG_ENABLE_OBJC_ARC = YES;
				CLANG_WARN_BOOL_CONVERSION = YES;
				CLANG_WARN_CONSTANT_CONVERSION = YES;
				CLANG_WARN_EMPTY_BODY = YES;
				CLANG_WARN_ENUM_CONVERSION = YES;
				CLANG_WARN_INT_CONVERSION = YES;
				CLANG_WARN_UNREACHABLE_CODE = YES;
				CLANG_WARN__DUPLICATE_METHOD_MATCH = YES;
				CODE_SIGNING_REQUIRED = NO;
				CODE_SIGN_IDENTITY = "";
				DONT_RUN_SWIFT_STDLIB_TOOL = YES;
				ENABLE_TESTABILITY = YES;
				FRAMEWORK_SEARCH_PATHS = "$(PLATFORM_DIR)/Developer/Library/Frameworks";
				GCC_PREPROCESSOR_DEFINITIONS = "DEBUG=1";
				GCC_WARN_64_TO_32_BIT_CONVERSION = YES;
				GCC_WARN_ABOUT_RETURN_TYPE = YES;
				GCC_WARN_UNDECLARED_SELECTOR = YES;
				GCC_WARN_UNINITIALIZED_AUTOS = YES;
				GCC_WARN_UNUSED_FUNCTION = YES;
				GCC_WARN_UNUSED_VARIABLE = YES;
				HEADER_SEARCH_PATHS = (
					"$(TULSI_EXECUTION_ROOT)",
					"$(TULSI_WR)/bazel-bin",
					"$(TULSI_WR)/bazel-genfiles",
					"$(TULSI_EXECUTION_ROOT)/bazel-tulsi-includes/x/x",
				);
				ONLY_ACTIVE_ARCH = YES;
				PYTHONIOENCODING = utf8;
				SDKROOT = iphoneos;
				SWIFT_VERSION = 5.6;
				TULSI_BWRS = "$(PROJECT_FILE_PATH)/.tulsi/tulsi-execution-root";
				TULSI_EXECUTION_ROOT = "$(PROJECT_FILE_PATH)/.tulsi/tulsi-execution-root";
				TULSI_LLDBINIT_FILE = "$(PROJECT_FILE_PATH)/.tulsi/Utils/lldbinit";
				TULSI_OUTPUT_BASE = "$(PROJECT_FILE_PATH)/.tulsi/tulsi-output-base";
				TULSI_PROJECT = SupabaseDemo;
				TULSI_VERSION = 0.20220310.88;
				TULSI_WR = "$(SRCROOT)";
			};
			name = Debug;
		};
		BC336506A633F4BB00000001 /* Debug */ = {
			isa = XCBuildConfiguration;
			buildSettings = {
				FRAMEWORK_SEARCH_PATHS = (
					"$(inherited)",
					"$(TULSI_EXECUTION_ROOT)/Thirdparty/Supabase/Get.xcframework/ios-arm64_x86_64-simulator",
					"$(TULSI_EXECUTION_ROOT)/Thirdparty/Supabase/SupabaseStorage.xcframework/ios-arm64_i386_x86_64-simulator",
					"$(TULSI_EXECUTION_ROOT)/Thirdparty/Supabase/AnyCodable.xcframework/ios-arm64_i386_x86_64-simulator",
					"$(TULSI_EXECUTION_ROOT)/Thirdparty/Supabase/Starscream.xcframework/ios-arm64_i386_x86_64-simulator",
					"$(TULSI_EXECUTION_ROOT)/Thirdparty/Supabase/ComposableKeychain.xcframework/ios-arm64_x86_64-simulator",
					"$(TULSI_EXECUTION_ROOT)/Thirdparty/Supabase/URLQueryEncoderKit.xcframework/ios-arm64_x86_64-simulator",
					"$(TULSI_EXECUTION_ROOT)/GoTrue/KeychainAccess.xcframework/ios-arm64_i386_x86_64-simulator",
					"$(TULSI_EXECUTION_ROOT)/GoTrue/Get.xcframework/ios-arm64_x86_64-simulator",
					"$(TULSI_EXECUTION_ROOT)/GoTrue/URLQueryEncoderKit.xcframework/ios-arm64_x86_64-simulator",
					"$(TULSI_EXECUTION_ROOT)/GoTrue/ComposableKeychain.xcframework/ios-arm64_x86_64-simulator",
					"$(TULSI_EXECUTION_ROOT)/Thirdparty/Supabase/Realtime.xcframework/ios-arm64_x86_64-simulator",
					"$(TULSI_EXECUTION_ROOT)/Thirdparty/Supabase/XCTestDynamicOverlay.xcframework/ios-arm64_x86_64-simulator",
					"$(TULSI_EXECUTION_ROOT)/Thirdparty/Supabase/KeychainAccess.xcframework/ios-arm64_i386_x86_64-simulator",
					"$(TULSI_EXECUTION_ROOT)/Thirdparty/Supabase/PostgREST.xcframework/ios-arm64_x86_64-simulator",
				);
				GCC_PREPROCESSOR_DEFINITIONS = "DEBUG=1";
				HEADER_SEARCH_PATHS = (
					"$(inherited)",
					"$(TULSI_WR)/.",
					"$(TULSI_EXECUTION_ROOT)/bazel-tulsi-includes/x/x/",
				);
				IPHONEOS_DEPLOYMENT_TARGET = 13.0;
				OTHER_CFLAGS = (
					"-D_FORTIFY_SOURCE=1",
					"-D__DATE__=\"redacted\"",
					"-D__TIMESTAMP__=\"redacted\"",
					"-D__TIME__=\"redacted\"",
				);
				OTHER_SWIFT_FLAGS = "$(inherited) -Xcc -fmodule-map-file=$(TULSI_EXECUTION_ROOT)/bazel-tulsi-includes/x/x/Lib/Logging/TLLoggingHelper.swift.modulemap -Xcc -fmodule-map-file=$(TULSI_EXECUTION_ROOT)/bazel-tulsi-includes/x/x/GoTrue/ComposableKeychainXCFramework.swift.modulemap -Xcc -fmodule-map-file=$(TULSI_EXECUTION_ROOT)/bazel-tulsi-includes/x/x/GoTrue/GetXCFramework.swift.modulemap -Xcc -fmodule-map-file=$(TULSI_EXECUTION_ROOT)/bazel-tulsi-includes/x/x/GoTrue/URLQueryEncoderXCFramework.swift.modulemap -Xcc -fmodule-map-file=$(TULSI_EXECUTION_ROOT)/bazel-tulsi-includes/x/x/GoTrue/KeychainAccessXCFramework.swift.modulemap -Xcc -fmodule-map-file=$(TULSI_EXECUTION_ROOT)/bazel-tulsi-includes/x/x/Thirdparty/Supabase/PostgREST.swift.modulemap -Xcc -fmodule-map-file=$(TULSI_EXECUTION_ROOT)/bazel-tulsi-includes/x/x/Thirdparty/Supabase/AnyCodableXCFramework.swift.modulemap -Xcc -fmodule-map-file=$(TULSI_EXECUTION_ROOT)/bazel-tulsi-includes/x/x/Thirdparty/Supabase/ComposableKeychainXCFramework.swift.modulemap -Xcc -fmodule-map-file=$(TULSI_EXECUTION_ROOT)/bazel-tulsi-includes/x/x/Thirdparty/Supabase/KeychainAccessXCFramework.swift.modulemap -Xcc -fmodule-map-file=$(TULSI_EXECUTION_ROOT)/bazel-tulsi-includes/x/x/Thirdparty/Supabase/GetXCFramework.swift.modulemap -Xcc -fmodule-map-file=$(TULSI_EXECUTION_ROOT)/bazel-tulsi-includes/x/x/Thirdparty/Supabase/RealtimeXCFramework.swift.modulemap -Xcc -fmodule-map-file=$(TULSI_EXECUTION_ROOT)/bazel-tulsi-includes/x/x/Thirdparty/Supabase/StarscreamXCFramework.swift.modulemap -Xcc -fmodule-map-file=$(TULSI_EXECUTION_ROOT)/bazel-tulsi-includes/x/x/Thirdparty/Supabase/SupabaseStorageXCFramework.swift.modulemap -Xcc -fmodule-map-file=$(TULSI_EXECUTION_ROOT)/bazel-tulsi-includes/x/x/Thirdparty/Supabase/URLQueryEncoderXCFramework.swift.modulemap -Xcc -fmodule-map-file=$(TULSI_EXECUTION_ROOT)/bazel-tulsi-includes/x/x/Thirdparty/Supabase/XCTestDynamicOverlayXCFramework.swift.modulemap";
				PRODUCT_NAME = _idx_App_Classes_581B5A25_ios_min13.0;
				SDKROOT = iphoneos;
				SWIFT_INCLUDE_PATHS = "$(inherited) $(TULSI_EXECUTION_ROOT)/bazel-tulsi-includes/x/x/Lib/Logging $(TULSI_EXECUTION_ROOT)/bazel-tulsi-includes/x/x/GoTrue $(TULSI_EXECUTION_ROOT)/bazel-tulsi-includes/x/x/Thirdparty/Supabase $(TULSI_EXECUTION_ROOT)/bazel-tulsi-includes/x/x/App";
			};
			name = Debug;
		};
		BC336506A633F4BB00000002 /* Debug */ = {
			isa = XCBuildConfiguration;
			buildSettings = {
				FRAMEWORK_SEARCH_PATHS = (
					"$(inherited)",
					"$(TULSI_EXECUTION_ROOT)/GoTrue/KeychainAccess.xcframework/ios-arm64_i386_x86_64-simulator",
					"$(TULSI_EXECUTION_ROOT)/GoTrue/Get.xcframework/ios-arm64_x86_64-simulator",
					"$(TULSI_EXECUTION_ROOT)/GoTrue/URLQueryEncoderKit.xcframework/ios-arm64_x86_64-simulator",
					"$(TULSI_EXECUTION_ROOT)/GoTrue/ComposableKeychain.xcframework/ios-arm64_x86_64-simulator",
				);
				GCC_PREPROCESSOR_DEFINITIONS = "DEBUG=1";
				HEADER_SEARCH_PATHS = (
					"$(inherited)",
					"$(TULSI_WR)/.",
					"$(TULSI_EXECUTION_ROOT)/bazel-tulsi-includes/x/x/",
				);
				IPHONEOS_DEPLOYMENT_TARGET = 13.0;
				OTHER_CFLAGS = (
					"-D_FORTIFY_SOURCE=1",
					"-D__DATE__=\"redacted\"",
					"-D__TIMESTAMP__=\"redacted\"",
					"-D__TIME__=\"redacted\"",
				);
				OTHER_SWIFT_FLAGS = "$(inherited) -Xcc -fmodule-map-file=$(TULSI_EXECUTION_ROOT)/bazel-tulsi-includes/x/x/GoTrue/ComposableKeychainXCFramework.swift.modulemap -Xcc -fmodule-map-file=$(TULSI_EXECUTION_ROOT)/bazel-tulsi-includes/x/x/GoTrue/GetXCFramework.swift.modulemap -Xcc -fmodule-map-file=$(TULSI_EXECUTION_ROOT)/bazel-tulsi-includes/x/x/GoTrue/URLQueryEncoderXCFramework.swift.modulemap -Xcc -fmodule-map-file=$(TULSI_EXECUTION_ROOT)/bazel-tulsi-includes/x/x/GoTrue/KeychainAccessXCFramework.swift.modulemap";
				PRODUCT_NAME = _idx_GoTrue_5B5E2157_ios_min13.0;
				SDKROOT = iphoneos;
				SWIFT_INCLUDE_PATHS = "$(inherited) $(TULSI_EXECUTION_ROOT)/bazel-tulsi-includes/x/x/GoTrue";
			};
			name = Debug;
		};
		BC336506A633F4BB00000003 /* Debug */ = {
			isa = XCBuildConfiguration;
			buildSettings = {
				GCC_PREPROCESSOR_DEFINITIONS = "DEBUG=1";
				HEADER_SEARCH_PATHS = (
					"$(inherited)",
					"$(TULSI_WR)/.",
					"$(TULSI_EXECUTION_ROOT)/bazel-tulsi-includes/x/x/",
				);
				IPHONEOS_DEPLOYMENT_TARGET = 13.0;
				OTHER_CFLAGS = (
					"-D_FORTIFY_SOURCE=1",
					"-D__DATE__=\"redacted\"",
					"-D__TIMESTAMP__=\"redacted\"",
					"-D__TIME__=\"redacted\"",
				);
				OTHER_SWIFT_FLAGS = "$(inherited) -Xcc -fmodule-map-file=$(TULSI_EXECUTION_ROOT)/bazel-tulsi-includes/x/x/Lib/Logging/TLLoggingHelper.swift.modulemap";
				PRODUCT_NAME = _idx_TLLogging_3F304814_ios_min13.0;
				SDKROOT = iphoneos;
				SWIFT_INCLUDE_PATHS = "$(inherited) $(TULSI_EXECUTION_ROOT)/bazel-tulsi-includes/x/x/Lib/Logging";
			};
			name = Debug;
		};
		BC336506A633F4BB00000004 /* Debug */ = {
			isa = XCBuildConfiguration;
			buildSettings = {
				GCC_PREPROCESSOR_DEFINITIONS = "DEBUG=1";
				HEADER_SEARCH_PATHS = (
					"$(inherited)",
					"$(TULSI_WR)/.",
					"$(TULSI_EXECUTION_ROOT)/bazel-tulsi-includes/x/x/",
				);
				IPHONEOS_DEPLOYMENT_TARGET = 13.0;
				OTHER_CFLAGS = (
					"-D_FORTIFY_SOURCE=1",
					"-D__DATE__=\"redacted\"",
					"-D__TIMESTAMP__=\"redacted\"",
					"-D__TIME__=\"redacted\"",
				);
				PRODUCT_NAME = _idx_TLLoggingHelper_A9847770_ios_min13.0;
				SDKROOT = iphoneos;
				USER_HEADER_SEARCH_PATHS = "$(TULSI_WR)";
			};
			name = Debug;
		};
		BC336506A633F4BB00000005 /* Debug */ = {
			isa = XCBuildConfiguration;
			buildSettings = {
				ASSETCATALOG_COMPILER_LAUNCHIMAGE_NAME = "Stub Launch Image";
				BAZEL_TARGET = "//App:ios_app";
				DEBUG_INFORMATION_FORMAT = dwarf;
				GCC_PREPROCESSOR_DEFINITIONS = "DEBUG=1";
				INFOPLIST_FILE = "${PROJECT_FILE_PATH}/.tulsi/Resources/StubInfoPlist.plist";
				IPHONEOS_DEPLOYMENT_TARGET = 13.0;
				PRODUCT_BUNDLE_IDENTIFIER = com.thanhvu.test;
				PRODUCT_NAME = ios_app;
				SDKROOT = iphoneos;
				TULSI_BUILD_PATH = App;
				TULSI_XCODE_VERSION = 13.4.1.13F100;
			};
			name = Debug;
		};
		BC336506DD70580900000000 /* __TulsiTestRunner_Release */ = {
			isa = XCBuildConfiguration;
			buildSettings = {
				ALWAYS_SEARCH_USER_PATHS = NO;
				CLANG_CXX_LANGUAGE_STANDARD = "gnu++17";
				CLANG_ENABLE_OBJC_ARC = YES;
				CLANG_WARN_BOOL_CONVERSION = YES;
				CLANG_WARN_CONSTANT_CONVERSION = YES;
				CLANG_WARN_EMPTY_BODY = YES;
				CLANG_WARN_ENUM_CONVERSION = YES;
				CLANG_WARN_INT_CONVERSION = YES;
				CLANG_WARN_UNREACHABLE_CODE = YES;
				CLANG_WARN__DUPLICATE_METHOD_MATCH = YES;
				CODE_SIGNING_REQUIRED = NO;
				CODE_SIGN_IDENTITY = "";
				DONT_RUN_SWIFT_STDLIB_TOOL = YES;
				ENABLE_TESTABILITY = YES;
				FRAMEWORK_SEARCH_PATHS = "";
				GCC_PREPROCESSOR_DEFINITIONS = "NDEBUG=1";
				GCC_WARN_64_TO_32_BIT_CONVERSION = YES;
				GCC_WARN_ABOUT_RETURN_TYPE = YES;
				GCC_WARN_UNDECLARED_SELECTOR = YES;
				GCC_WARN_UNINITIALIZED_AUTOS = YES;
				GCC_WARN_UNUSED_FUNCTION = YES;
				GCC_WARN_UNUSED_VARIABLE = YES;
				HEADER_SEARCH_PATHS = "";
				ONLY_ACTIVE_ARCH = YES;
				OTHER_CFLAGS = "--version";
				OTHER_LDFLAGS = "--version";
				OTHER_SWIFT_FLAGS = "--version";
				PYTHONIOENCODING = utf8;
				SDKROOT = iphoneos;
				SWIFT_INSTALL_OBJC_HEADER = NO;
				SWIFT_OBJC_INTERFACE_HEADER_NAME = "$(PRODUCT_NAME).h";
				SWIFT_VERSION = 5.6;
				TULSI_BWRS = "$(PROJECT_FILE_PATH)/.tulsi/tulsi-execution-root";
				TULSI_EXECUTION_ROOT = "$(PROJECT_FILE_PATH)/.tulsi/tulsi-execution-root";
				TULSI_LLDBINIT_FILE = "$(PROJECT_FILE_PATH)/.tulsi/Utils/lldbinit";
				TULSI_OUTPUT_BASE = "$(PROJECT_FILE_PATH)/.tulsi/tulsi-output-base";
				TULSI_PROJECT = SupabaseDemo;
				TULSI_VERSION = 0.20220310.88;
				TULSI_WR = "$(SRCROOT)";
			};
			name = __TulsiTestRunner_Release;
		};
		BC336506DD70580900000001 /* __TulsiTestRunner_Release */ = {
			isa = XCBuildConfiguration;
			buildSettings = {
				ASSETCATALOG_COMPILER_LAUNCHIMAGE_NAME = "Stub Launch Image";
				BAZEL_TARGET = "//App:ios_app";
				DEBUG_INFORMATION_FORMAT = dwarf;
				FRAMEWORK_SEARCH_PATHS = "";
				GCC_PREPROCESSOR_DEFINITIONS = "NDEBUG=1";
				HEADER_SEARCH_PATHS = "";
				INFOPLIST_FILE = "${PROJECT_FILE_PATH}/.tulsi/Resources/StubInfoPlist.plist";
				IPHONEOS_DEPLOYMENT_TARGET = 13.0;
				ONLY_ACTIVE_ARCH = YES;
				OTHER_CFLAGS = "--version";
				OTHER_LDFLAGS = "--version";
				OTHER_SWIFT_FLAGS = "--version";
				PRODUCT_BUNDLE_IDENTIFIER = com.thanhvu.test;
				PRODUCT_NAME = ios_app;
				SDKROOT = iphoneos;
				SWIFT_INSTALL_OBJC_HEADER = NO;
				SWIFT_OBJC_INTERFACE_HEADER_NAME = "$(PRODUCT_NAME).h";
				TULSI_BUILD_PATH = App;
				TULSI_XCODE_VERSION = 13.4.1.13F100;
			};
			name = __TulsiTestRunner_Release;
		};
		BC336506E1E0D7DA00000000 /* Release */ = {
			isa = XCBuildConfiguration;
			buildSettings = {
				ALWAYS_SEARCH_USER_PATHS = NO;
				CLANG_CXX_LANGUAGE_STANDARD = "gnu++17";
				CLANG_ENABLE_OBJC_ARC = YES;
				CLANG_WARN_BOOL_CONVERSION = YES;
				CLANG_WARN_CONSTANT_CONVERSION = YES;
				CLANG_WARN_EMPTY_BODY = YES;
				CLANG_WARN_ENUM_CONVERSION = YES;
				CLANG_WARN_INT_CONVERSION = YES;
				CLANG_WARN_UNREACHABLE_CODE = YES;
				CLANG_WARN__DUPLICATE_METHOD_MATCH = YES;
				CODE_SIGNING_REQUIRED = NO;
				CODE_SIGN_IDENTITY = "";
				DONT_RUN_SWIFT_STDLIB_TOOL = YES;
				ENABLE_TESTABILITY = YES;
				FRAMEWORK_SEARCH_PATHS = "$(PLATFORM_DIR)/Developer/Library/Frameworks";
				GCC_PREPROCESSOR_DEFINITIONS = "NDEBUG=1";
				GCC_WARN_64_TO_32_BIT_CONVERSION = YES;
				GCC_WARN_ABOUT_RETURN_TYPE = YES;
				GCC_WARN_UNDECLARED_SELECTOR = YES;
				GCC_WARN_UNINITIALIZED_AUTOS = YES;
				GCC_WARN_UNUSED_FUNCTION = YES;
				GCC_WARN_UNUSED_VARIABLE = YES;
				HEADER_SEARCH_PATHS = (
					"$(TULSI_EXECUTION_ROOT)",
					"$(TULSI_WR)/bazel-bin",
					"$(TULSI_WR)/bazel-genfiles",
					"$(TULSI_EXECUTION_ROOT)/bazel-tulsi-includes/x/x",
				);
				ONLY_ACTIVE_ARCH = YES;
				PYTHONIOENCODING = utf8;
				SDKROOT = iphoneos;
				SWIFT_VERSION = 5.6;
				TULSI_BWRS = "$(PROJECT_FILE_PATH)/.tulsi/tulsi-execution-root";
				TULSI_EXECUTION_ROOT = "$(PROJECT_FILE_PATH)/.tulsi/tulsi-execution-root";
				TULSI_LLDBINIT_FILE = "$(PROJECT_FILE_PATH)/.tulsi/Utils/lldbinit";
				TULSI_OUTPUT_BASE = "$(PROJECT_FILE_PATH)/.tulsi/tulsi-output-base";
				TULSI_PROJECT = SupabaseDemo;
				TULSI_VERSION = 0.20220310.88;
				TULSI_WR = "$(SRCROOT)";
			};
			name = Release;
		};
		BC336506E1E0D7DA00000001 /* Release */ = {
			isa = XCBuildConfiguration;
			buildSettings = {
				FRAMEWORK_SEARCH_PATHS = (
					"$(inherited)",
					"$(TULSI_EXECUTION_ROOT)/Thirdparty/Supabase/Get.xcframework/ios-arm64_x86_64-simulator",
					"$(TULSI_EXECUTION_ROOT)/Thirdparty/Supabase/SupabaseStorage.xcframework/ios-arm64_i386_x86_64-simulator",
					"$(TULSI_EXECUTION_ROOT)/Thirdparty/Supabase/AnyCodable.xcframework/ios-arm64_i386_x86_64-simulator",
					"$(TULSI_EXECUTION_ROOT)/Thirdparty/Supabase/Starscream.xcframework/ios-arm64_i386_x86_64-simulator",
					"$(TULSI_EXECUTION_ROOT)/Thirdparty/Supabase/ComposableKeychain.xcframework/ios-arm64_x86_64-simulator",
					"$(TULSI_EXECUTION_ROOT)/Thirdparty/Supabase/URLQueryEncoderKit.xcframework/ios-arm64_x86_64-simulator",
					"$(TULSI_EXECUTION_ROOT)/GoTrue/KeychainAccess.xcframework/ios-arm64_i386_x86_64-simulator",
					"$(TULSI_EXECUTION_ROOT)/GoTrue/Get.xcframework/ios-arm64_x86_64-simulator",
					"$(TULSI_EXECUTION_ROOT)/GoTrue/URLQueryEncoderKit.xcframework/ios-arm64_x86_64-simulator",
					"$(TULSI_EXECUTION_ROOT)/GoTrue/ComposableKeychain.xcframework/ios-arm64_x86_64-simulator",
					"$(TULSI_EXECUTION_ROOT)/Thirdparty/Supabase/Realtime.xcframework/ios-arm64_x86_64-simulator",
					"$(TULSI_EXECUTION_ROOT)/Thirdparty/Supabase/XCTestDynamicOverlay.xcframework/ios-arm64_x86_64-simulator",
					"$(TULSI_EXECUTION_ROOT)/Thirdparty/Supabase/KeychainAccess.xcframework/ios-arm64_i386_x86_64-simulator",
					"$(TULSI_EXECUTION_ROOT)/Thirdparty/Supabase/PostgREST.xcframework/ios-arm64_x86_64-simulator",
				);
				GCC_PREPROCESSOR_DEFINITIONS = "NDEBUG=1";
				HEADER_SEARCH_PATHS = (
					"$(inherited)",
					"$(TULSI_WR)/.",
					"$(TULSI_EXECUTION_ROOT)/bazel-tulsi-includes/x/x/",
				);
				IPHONEOS_DEPLOYMENT_TARGET = 13.0;
				OTHER_CFLAGS = (
					"-D_FORTIFY_SOURCE=1",
					"-D__DATE__=\"redacted\"",
					"-D__TIMESTAMP__=\"redacted\"",
					"-D__TIME__=\"redacted\"",
				);
				OTHER_SWIFT_FLAGS = "$(inherited) -Xcc -fmodule-map-file=$(TULSI_EXECUTION_ROOT)/bazel-tulsi-includes/x/x/Lib/Logging/TLLoggingHelper.swift.modulemap -Xcc -fmodule-map-file=$(TULSI_EXECUTION_ROOT)/bazel-tulsi-includes/x/x/GoTrue/ComposableKeychainXCFramework.swift.modulemap -Xcc -fmodule-map-file=$(TULSI_EXECUTION_ROOT)/bazel-tulsi-includes/x/x/GoTrue/GetXCFramework.swift.modulemap -Xcc -fmodule-map-file=$(TULSI_EXECUTION_ROOT)/bazel-tulsi-includes/x/x/GoTrue/URLQueryEncoderXCFramework.swift.modulemap -Xcc -fmodule-map-file=$(TULSI_EXECUTION_ROOT)/bazel-tulsi-includes/x/x/GoTrue/KeychainAccessXCFramework.swift.modulemap -Xcc -fmodule-map-file=$(TULSI_EXECUTION_ROOT)/bazel-tulsi-includes/x/x/Thirdparty/Supabase/PostgREST.swift.modulemap -Xcc -fmodule-map-file=$(TULSI_EXECUTION_ROOT)/bazel-tulsi-includes/x/x/Thirdparty/Supabase/AnyCodableXCFramework.swift.modulemap -Xcc -fmodule-map-file=$(TULSI_EXECUTION_ROOT)/bazel-tulsi-includes/x/x/Thirdparty/Supabase/ComposableKeychainXCFramework.swift.modulemap -Xcc -fmodule-map-file=$(TULSI_EXECUTION_ROOT)/bazel-tulsi-includes/x/x/Thirdparty/Supabase/KeychainAccessXCFramework.swift.modulemap -Xcc -fmodule-map-file=$(TULSI_EXECUTION_ROOT)/bazel-tulsi-includes/x/x/Thirdparty/Supabase/GetXCFramework.swift.modulemap -Xcc -fmodule-map-file=$(TULSI_EXECUTION_ROOT)/bazel-tulsi-includes/x/x/Thirdparty/Supabase/RealtimeXCFramework.swift.modulemap -Xcc -fmodule-map-file=$(TULSI_EXECUTION_ROOT)/bazel-tulsi-includes/x/x/Thirdparty/Supabase/StarscreamXCFramework.swift.modulemap -Xcc -fmodule-map-file=$(TULSI_EXECUTION_ROOT)/bazel-tulsi-includes/x/x/Thirdparty/Supabase/SupabaseStorageXCFramework.swift.modulemap -Xcc -fmodule-map-file=$(TULSI_EXECUTION_ROOT)/bazel-tulsi-includes/x/x/Thirdparty/Supabase/URLQueryEncoderXCFramework.swift.modulemap -Xcc -fmodule-map-file=$(TULSI_EXECUTION_ROOT)/bazel-tulsi-includes/x/x/Thirdparty/Supabase/XCTestDynamicOverlayXCFramework.swift.modulemap";
				PRODUCT_NAME = _idx_App_Classes_581B5A25_ios_min13.0;
				SDKROOT = iphoneos;
				SWIFT_INCLUDE_PATHS = "$(inherited) $(TULSI_EXECUTION_ROOT)/bazel-tulsi-includes/x/x/Lib/Logging $(TULSI_EXECUTION_ROOT)/bazel-tulsi-includes/x/x/GoTrue $(TULSI_EXECUTION_ROOT)/bazel-tulsi-includes/x/x/Thirdparty/Supabase $(TULSI_EXECUTION_ROOT)/bazel-tulsi-includes/x/x/App";
			};
			name = Release;
		};
		BC336506E1E0D7DA00000002 /* Release */ = {
			isa = XCBuildConfiguration;
			buildSettings = {
				FRAMEWORK_SEARCH_PATHS = (
					"$(inherited)",
					"$(TULSI_EXECUTION_ROOT)/GoTrue/KeychainAccess.xcframework/ios-arm64_i386_x86_64-simulator",
					"$(TULSI_EXECUTION_ROOT)/GoTrue/Get.xcframework/ios-arm64_x86_64-simulator",
					"$(TULSI_EXECUTION_ROOT)/GoTrue/URLQueryEncoderKit.xcframework/ios-arm64_x86_64-simulator",
					"$(TULSI_EXECUTION_ROOT)/GoTrue/ComposableKeychain.xcframework/ios-arm64_x86_64-simulator",
				);
				GCC_PREPROCESSOR_DEFINITIONS = "NDEBUG=1";
				HEADER_SEARCH_PATHS = (
					"$(inherited)",
					"$(TULSI_WR)/.",
					"$(TULSI_EXECUTION_ROOT)/bazel-tulsi-includes/x/x/",
				);
				IPHONEOS_DEPLOYMENT_TARGET = 13.0;
				OTHER_CFLAGS = (
					"-D_FORTIFY_SOURCE=1",
					"-D__DATE__=\"redacted\"",
					"-D__TIMESTAMP__=\"redacted\"",
					"-D__TIME__=\"redacted\"",
				);
				OTHER_SWIFT_FLAGS = "$(inherited) -Xcc -fmodule-map-file=$(TULSI_EXECUTION_ROOT)/bazel-tulsi-includes/x/x/GoTrue/ComposableKeychainXCFramework.swift.modulemap -Xcc -fmodule-map-file=$(TULSI_EXECUTION_ROOT)/bazel-tulsi-includes/x/x/GoTrue/GetXCFramework.swift.modulemap -Xcc -fmodule-map-file=$(TULSI_EXECUTION_ROOT)/bazel-tulsi-includes/x/x/GoTrue/URLQueryEncoderXCFramework.swift.modulemap -Xcc -fmodule-map-file=$(TULSI_EXECUTION_ROOT)/bazel-tulsi-includes/x/x/GoTrue/KeychainAccessXCFramework.swift.modulemap";
				PRODUCT_NAME = _idx_GoTrue_5B5E2157_ios_min13.0;
				SDKROOT = iphoneos;
				SWIFT_INCLUDE_PATHS = "$(inherited) $(TULSI_EXECUTION_ROOT)/bazel-tulsi-includes/x/x/GoTrue";
			};
			name = Release;
		};
		BC336506E1E0D7DA00000003 /* Release */ = {
			isa = XCBuildConfiguration;
			buildSettings = {
				GCC_PREPROCESSOR_DEFINITIONS = "NDEBUG=1";
				HEADER_SEARCH_PATHS = (
					"$(inherited)",
					"$(TULSI_WR)/.",
					"$(TULSI_EXECUTION_ROOT)/bazel-tulsi-includes/x/x/",
				);
				IPHONEOS_DEPLOYMENT_TARGET = 13.0;
				OTHER_CFLAGS = (
					"-D_FORTIFY_SOURCE=1",
					"-D__DATE__=\"redacted\"",
					"-D__TIMESTAMP__=\"redacted\"",
					"-D__TIME__=\"redacted\"",
				);
				OTHER_SWIFT_FLAGS = "$(inherited) -Xcc -fmodule-map-file=$(TULSI_EXECUTION_ROOT)/bazel-tulsi-includes/x/x/Lib/Logging/TLLoggingHelper.swift.modulemap";
				PRODUCT_NAME = _idx_TLLogging_3F304814_ios_min13.0;
				SDKROOT = iphoneos;
				SWIFT_INCLUDE_PATHS = "$(inherited) $(TULSI_EXECUTION_ROOT)/bazel-tulsi-includes/x/x/Lib/Logging";
			};
			name = Release;
		};
		BC336506E1E0D7DA00000004 /* Release */ = {
			isa = XCBuildConfiguration;
			buildSettings = {
				GCC_PREPROCESSOR_DEFINITIONS = "NDEBUG=1";
				HEADER_SEARCH_PATHS = (
					"$(inherited)",
					"$(TULSI_WR)/.",
					"$(TULSI_EXECUTION_ROOT)/bazel-tulsi-includes/x/x/",
				);
				IPHONEOS_DEPLOYMENT_TARGET = 13.0;
				OTHER_CFLAGS = (
					"-D_FORTIFY_SOURCE=1",
					"-D__DATE__=\"redacted\"",
					"-D__TIMESTAMP__=\"redacted\"",
					"-D__TIME__=\"redacted\"",
				);
				PRODUCT_NAME = _idx_TLLoggingHelper_A9847770_ios_min13.0;
				SDKROOT = iphoneos;
				USER_HEADER_SEARCH_PATHS = "$(TULSI_WR)";
			};
			name = Release;
		};
		BC336506E1E0D7DA00000005 /* Release */ = {
			isa = XCBuildConfiguration;
			buildSettings = {
				ASSETCATALOG_COMPILER_LAUNCHIMAGE_NAME = "Stub Launch Image";
				BAZEL_TARGET = "//App:ios_app";
				DEBUG_INFORMATION_FORMAT = dwarf;
				GCC_PREPROCESSOR_DEFINITIONS = "NDEBUG=1";
				INFOPLIST_FILE = "${PROJECT_FILE_PATH}/.tulsi/Resources/StubInfoPlist.plist";
				IPHONEOS_DEPLOYMENT_TARGET = 13.0;
				PRODUCT_BUNDLE_IDENTIFIER = com.thanhvu.test;
				PRODUCT_NAME = ios_app;
				SDKROOT = iphoneos;
				TULSI_BUILD_PATH = App;
				TULSI_XCODE_VERSION = 13.4.1.13F100;
			};
			name = Release;
		};
/* End XCBuildConfiguration section */

/* Begin XCConfigurationList section */
		99607AF20074B42100000000 /* Build configuration list for PBXNativeTarget "_idx_TLLogging_3F304814_ios_min13.0" */ = {
			isa = XCConfigurationList;
			buildConfigurations = (
				BC336506A633F4BB00000003 /* Debug */,
				BC336506E1E0D7DA00000003 /* Release */,
				83B9F48128C6C53D0058E4D5 /* __TulsiTestRunner_Debug */,
				83B9F48228C6C53D0058E4D5 /* __TulsiTestRunner_Release */,
			);
			defaultConfigurationIsVisible = 0;
			defaultConfigurationName = Release;
		};
		99607AF20A2F85DF00000000 /* Build configuration list for PBXLegacyTarget "_bazel_clean_" */ = {
			isa = XCConfigurationList;
			buildConfigurations = (
				83B9F47728C6C53D0058E4D5 /* Debug */,
				83B9F47828C6C53D0058E4D5 /* Release */,
				83B9F47928C6C53D0058E4D5 /* __TulsiTestRunner_Debug */,
				83B9F47A28C6C53D0058E4D5 /* __TulsiTestRunner_Release */,
			);
			defaultConfigurationIsVisible = 0;
			defaultConfigurationName = Release;
		};
		99607AF22014F4D800000000 /* Build configuration list for PBXNativeTarget "_idx_App_Classes_581B5A25_ios_min13.0" */ = {
			isa = XCConfigurationList;
			buildConfigurations = (
				BC336506A633F4BB00000001 /* Debug */,
				BC336506E1E0D7DA00000001 /* Release */,
				83B9F47B28C6C53D0058E4D5 /* __TulsiTestRunner_Debug */,
				83B9F47C28C6C53D0058E4D5 /* __TulsiTestRunner_Release */,
			);
			defaultConfigurationIsVisible = 0;
			defaultConfigurationName = Release;
		};
		99607AF232466FF600000000 /* Build configuration list for PBXProject "SupabaseDemo" */ = {
			isa = XCConfigurationList;
			buildConfigurations = (
				BC336506A633F4BB00000000 /* Debug */,
				BC336506E1E0D7DA00000000 /* Release */,
				BC3365063BDD297000000000 /* __TulsiTestRunner_Debug */,
				BC336506DD70580900000000 /* __TulsiTestRunner_Release */,
			);
			defaultConfigurationIsVisible = 0;
			defaultConfigurationName = Release;
		};
		99607AF256C1342900000000 /* Build configuration list for PBXNativeTarget "ios_app" */ = {
			isa = XCConfigurationList;
			buildConfigurations = (
				BC336506A633F4BB00000005 /* Debug */,
				BC336506E1E0D7DA00000005 /* Release */,
				BC3365063BDD297000000001 /* __TulsiTestRunner_Debug */,
				BC336506DD70580900000001 /* __TulsiTestRunner_Release */,
			);
			defaultConfigurationIsVisible = 0;
			defaultConfigurationName = Release;
		};
		99607AF2EF6D388500000000 /* Build configuration list for PBXNativeTarget "_idx_TLLoggingHelper_A9847770_ios_min13.0" */ = {
			isa = XCConfigurationList;
			buildConfigurations = (
				BC336506A633F4BB00000004 /* Debug */,
				BC336506E1E0D7DA00000004 /* Release */,
				83B9F47F28C6C53D0058E4D5 /* __TulsiTestRunner_Debug */,
				83B9F48028C6C53D0058E4D5 /* __TulsiTestRunner_Release */,
			);
			defaultConfigurationIsVisible = 0;
			defaultConfigurationName = Release;
		};
		99607AF2F9359D6600000000 /* Build configuration list for PBXNativeTarget "_idx_GoTrue_5B5E2157_ios_min13.0" */ = {
			isa = XCConfigurationList;
			buildConfigurations = (
				BC336506A633F4BB00000002 /* Debug */,
				BC336506E1E0D7DA00000002 /* Release */,
				83B9F47D28C6C53D0058E4D5 /* __TulsiTestRunner_Debug */,
				83B9F47E28C6C53D0058E4D5 /* __TulsiTestRunner_Release */,
			);
			defaultConfigurationIsVisible = 0;
			defaultConfigurationName = Release;
		};
/* End XCConfigurationList section */
	};
	rootObject = 6A41A807D27ED01F00000000 /* Project object */;
}
